// !$*UTF8*$!
{
	archiveVersion = 1;
	classes = {
	};
	objectVersion = 77;
	objects = {

/* Begin PBXBuildFile section */
		C2B69C422F5ACB29008835C5 /* SwiftTerm in Frameworks */ = {isa = PBXBuildFile; productRef = C2B69C412F5ACB29008835C5 /* SwiftTerm */; };
/* End PBXBuildFile section */

/* Begin PBXContainerItemProxy section */
		C2B69C182F59CB29008835C5 /* PBXContainerItemProxy */ = {
			isa = PBXContainerItemProxy;
			containerPortal = C2B69BFC2F59CB27008835C5 /* Project object */;
			proxyType = 1;
			remoteGlobalIDString = C2B69C032F59CB27008835C5;
			remoteInfo = PeepScreen;
		};
		C2B69C222F59CB29008835C5 /* PBXContainerItemProxy */ = {
			isa = PBXContainerItemProxy;
			containerPortal = C2B69BFC2F59CB27008835C5 /* Project object */;
			proxyType = 1;
			remoteGlobalIDString = C2B69C032F59CB27008835C5;
			remoteInfo = PeepScreen;
		};
/* End PBXContainerItemProxy section */

/* Begin PBXFileReference section */
		C2B69C042F59CB27008835C5 /* PeepScreen.app */ = {isa = PBXFileReference; explicitFileType = wrapper.application; includeInIndex = 0; path = PeepScreen.app; sourceTree = BUILT_PRODUCTS_DIR; };
		C2B69C172F59CB29008835C5 /* PeepScreenTests.xctest */ = {isa = PBXFileReference; explicitFileType = wrapper.cfbundle; includeInIndex = 0; path = PeepScreenTests.xctest; sourceTree = BUILT_PRODUCTS_DIR; };
		C2B69C212F59CB29008835C5 /* PeepScreenUITests.xctest */ = {isa = PBXFileReference; explicitFileType = wrapper.cfbundle; includeInIndex = 0; path = PeepScreenUITests.xctest; sourceTree = BUILT_PRODUCTS_DIR; };
/* End PBXFileReference section */

/* Begin PBXFileSystemSynchronizedRootGroup section */
		C2B69C062F59CB27008835C5 /* PeepScreen */ = {
			isa = PBXFileSystemSynchronizedRootGroup;
			path = PeepScreen;
			sourceTree = "<group>";
		};
		C2B69C1A2F59CB29008835C5 /* PeepScreenTests */ = {
			isa = PBXFileSystemSynchronizedRootGroup;
			path = PeepScreenTests;
			sourceTree = "<group>";
		};
		C2B69C242F59CB29008835C5 /* PeepScreenUITests */ = {
			isa = PBXFileSystemSynchronizedRootGroup;
			path = PeepScreenUITests;
			sourceTree = "<group>";
		};
/* End PBXFileSystemSynchronizedRootGroup section */

/* Begin PBXFrameworksBuildPhase section */
		C2B69C012F59CB27008835C5 /* Frameworks */ = {
			isa = PBXFrameworksBuildPhase;
			buildActionMask = 2147483647;
			files = (
				C2B69C422F5ACB29008835C5 /* SwiftTerm in Frameworks */,
			);
			runOnlyForDeploymentPostprocessing = 0;
		};
		C2B69C142F59CB29008835C5 /* Frameworks */ = {
			isa = PBXFrameworksBuildPhase;
			buildActionMask = 2147483647;
			files = (
			);
			runOnlyForDeploymentPostprocessing = 0;
		};
		C2B69C1E2F59CB29008835C5 /* Frameworks */ = {
			isa = PBXFrameworksBuildPhase;
			buildActionMask = 2147483647;
			files = (
			);
			runOnlyForDeploymentPostprocessing = 0;
		};
/* End PBXFrameworksBuildPhase section */

/* Begin PBXGroup section */
		C2B69BFB2F59CB27008835C5 = {
			isa = PBXGroup;
			children = (
				C2B69C062F59CB27008835C5 /* PeepScreen */,
				C2B69C1A2F59CB29008835C5 /* PeepScreenTests */,
				C2B69C242F59CB29008835C5 /* PeepScreenUITests */,
				C2B69C052F59CB27008835C5 /* Products */,
			);
			sourceTree = "<group>";
		};
		C2B69C052F59CB27008835C5 /* Products */ = {
			isa = PBXGroup;
			children = (
				C2B69C042F59CB27008835C5 /* PeepScreen.app */,
				C2B69C172F59CB29008835C5 /* PeepScreenTests.xctest */,
				C2B69C212F59CB29008835C5 /* PeepScreenUITests.xctest */,
			);
			name = Products;
			sourceTree = "<group>";
		};
/* End PBXGroup section */

/* Begin PBXNativeTarget section */
		C2B69C032F59CB27008835C5 /* PeepScreen */ = {
			isa = PBXNativeTarget;
			buildConfigurationList = C2B69C2B2F59CB29008835C5 /* Build configuration list for PBXNativeTarget "PeepScreen" */;
			buildPhases = (
				C2B69C002F59CB27008835C5 /* Sources */,
				C2B69C012F59CB27008835C5 /* Frameworks */,
				C2B69C022F59CB27008835C5 /* Resources */,
			);
			buildRules = (
			);
			dependencies = (
			);
			fileSystemSynchronizedGroups = (
				C2B69C062F59CB27008835C5 /* PeepScreen */,
			);
			name = PeepScreen;
			packageProductDependencies = (
				C2B69C412F5ACB29008835C5 /* SwiftTerm */,
			);
			productName = PeepScreen;
			productReference = C2B69C042F59CB27008835C5 /* PeepScreen.app */;
			productType = "com.apple.product-type.application";
		};
		C2B69C162F59CB29008835C5 /* PeepScreenTests */ = {
			isa = PBXNativeTarget;
			buildConfigurationList = C2B69C2E2F59CB29008835C5 /* Build configuration list for PBXNativeTarget "PeepScreenTests" */;
			buildPhases = (
				C2B69C132F59CB29008835C5 /* Sources */,
				C2B69C142F59CB29008835C5 /* Frameworks */,
				C2B69C152F59CB29008835C5 /* Resources */,
			);
			buildRules = (
			);
			dependencies = (
				C2B69C192F59CB29008835C5 /* PBXTargetDependency */,
			);
			fileSystemSynchronizedGroups = (
				C2B69C1A2F59CB29008835C5 /* PeepScreenTests */,
			);
			name = PeepScreenTests;
			packageProductDependencies = (
			);
			productName = PeepScreenTests;
			productReference = C2B69C172F59CB29008835C5 /* PeepScreenTests.xctest */;
			productType = "com.apple.product-type.bundle.unit-test";
		};
		C2B69C202F59CB29008835C5 /* PeepScreenUITests */ = {
			isa = PBXNativeTarget;
			buildConfigurationList = C2B69C312F59CB29008835C5 /* Build configuration list for PBXNativeTarget "PeepScreenUITests" */;
			buildPhases = (
				C2B69C1D2F59CB29008835C5 /* Sources */,
				C2B69C1E2F59CB29008835C5 /* Frameworks */,
				C2B69C1F2F59CB29008835C5 /* Resources */,
			);
			buildRules = (
			);
			dependencies = (
				C2B69C232F59CB29008835C5 /* PBXTargetDependency */,
			);
			fileSystemSynchronizedGroups = (
				C2B69C242F59CB29008835C5 /* PeepScreenUITests */,
			);
			name = PeepScreenUITests;
			packageProductDependencies = (
			);
			productName = PeepScreenUITests;
			productReference = C2B69C212F59CB29008835C5 /* PeepScreenUITests.xctest */;
			productType = "com.apple.product-type.bundle.ui-testing";
		};
/* End PBXNativeTarget section */

/* Begin PBXProject section */
		C2B69BFC2F59CB27008835C5 /* Project object */ = {
			isa = PBXProject;
			attributes = {
				BuildIndependentTargetsInParallel = 1;
				LastSwiftUpdateCheck = 1640;
				LastUpgradeCheck = 1640;
				TargetAttributes = {
					C2B69C032F59CB27008835C5 = {
						CreatedOnToolsVersion = 16.4;
					};
					C2B69C162F59CB29008835C5 = {
						CreatedOnToolsVersion = 16.4;
						TestTargetID = C2B69C032F59CB27008835C5;
					};
					C2B69C202F59CB29008835C5 = {
						CreatedOnToolsVersion = 16.4;
						TestTargetID = C2B69C032F59CB27008835C5;
					};
				};
			};
			buildConfigurationList = C2B69BFF2F59CB27008835C5 /* Build configuration list for PBXProject "PeepScreen" */;
			developmentRegion = en;
			hasScannedForEncodings = 0;
			knownRegions = (
				en,
				Base,
			);
			mainGroup = C2B69BFB2F59CB27008835C5;
			minimizedProjectReferenceProxies = 1;
			packageReferences = (
				C2B69C402F5ACB29008835C5 /* XCRemoteSwiftPackageReference "SwiftTerm" */,
			);
			preferredProjectObjectVersion = 77;
			productRefGroup = C2B69C052F59CB27008835C5 /* Products */;
			projectDirPath = "";
			projectRoot = "";
			targets = (
				C2B69C032F59CB27008835C5 /* PeepScreen */,
				C2B69C162F59CB29008835C5 /* PeepScreenTests */,
				C2B69C202F59CB29008835C5 /* PeepScreenUITests */,
			);
		};
/* End PBXProject section */

/* Begin PBXResourcesBuildPhase section */
		C2B69C022F59CB27008835C5 /* Resources */ = {
			isa = PBXResourcesBuildPhase;
			buildActionMask = 2147483647;
			files = (
			);
			runOnlyForDeploymentPostprocessing = 0;
		};
		C2B69C152F59CB29008835C5 /* Resources */ = {
			isa = PBXResourcesBuildPhase;
			buildActionMask = 2147483647;
			files = (
			);
			runOnlyForDeploymentPostprocessing = 0;
		};
		C2B69C1F2F59CB29008835C5 /* Resources */ = {
			isa = PBXResourcesBuildPhase;
			buildActionMask = 2147483647;
			files = (
			);
			runOnlyForDeploymentPostprocessing = 0;
		};
/* End PBXResourcesBuildPhase section */

/* Begin PBXSourcesBuildPhase section */
		C2B69C002F59CB27008835C5 /* Sources */ = {
			isa = PBXSourcesBuildPhase;
			buildActionMask = 2147483647;
			files = (
			);
			runOnlyForDeploymentPostprocessing = 0;
		};
		C2B69C132F59CB29008835C5 /* Sources */ = {
			isa = PBXSourcesBuildPhase;
			buildActionMask = 2147483647;
			files = (
			);
			runOnlyForDeploymentPostprocessing = 0;
		};
		C2B69C1D2F59CB29008835C5 /* Sources */ = {
			isa = PBXSourcesBuildPhase;
			buildActionMask = 2147483647;
			files = (
			);
			runOnlyForDeploymentPostprocessing = 0;
		};
/* End PBXSourcesBuildPhase section */

/* Begin PBXTargetDependency section */
		C2B69C192F59CB29008835C5 /* PBXTargetDependency */ = {
			isa = PBXTargetDependency;
			target = C2B69C032F59CB27008835C5 /* PeepScreen */;
			targetProxy = C2B69C182F59CB29008835C5 /* PBXContainerItemProxy */;
		};
		C2B69C232F59CB29008835C5 /* PBXTargetDependency */ = {
			isa = PBXTargetDependency;
			target = C2B69C032F59CB27008835C5 /* PeepScreen */;
			targetProxy = C2B69C222F59CB29008835C5 /* PBXContainerItemProxy */;
		};
/* End PBXTargetDependency section */

/* Begin XCBuildConfiguration section */
		C2B69C292F59CB29008835C5 /* Debug */ = {
			isa = XCBuildConfiguration;
			buildSettings = {
				ALWAYS_SEARCH_USER_PATHS = NO;
				ASSETCATALOG_COMPILER_GENERATE_SWIFT_ASSET_SYMBOL_EXTENSIONS = YES;
				CLANG_ANALYZER_NONNULL = YES;
				CLANG_ANALYZER_NUMBER_OBJECT_CONVERSION = YES_AGGRESSIVE;
				CLANG_CXX_LANGUAGE_STANDARD = "gnu++20";
				CLANG_ENABLE_MODULES = YES;
				CLANG_ENABLE_OBJC_ARC = YES;
				CLANG_ENABLE_OBJC_WEAK = YES;
				CLANG_WARN_BLOCK_CAPTURE_AUTORELEASING = YES;
				CLANG_WARN_BOOL_CONVERSION = YES;
				CLANG_WARN_COMMA = YES;
				CLANG_WARN_CONSTANT_CONVERSION = YES;
				CLANG_WARN_DEPRECATED_OBJC_IMPLEMENTATIONS = YES;
				CLANG_WARN_DIRECT_OBJC_ISA_USAGE = YES_ERROR;
				CLANG_WARN_DOCUMENTATION_COMMENTS = YES;
				CLANG_WARN_EMPTY_BODY = YES;
				CLANG_WARN_ENUM_CONVERSION = YES;
				CLANG_WARN_INFINITE_RECURSION = YES;
				CLANG_WARN_INT_CONVERSION = YES;
				CLANG_WARN_NON_LITERAL_NULL_CONVERSION = YES;
				CLANG_WARN_OBJC_IMPLICIT_RETAIN_SELF = YES;
				CLANG_WARN_OBJC_LITERAL_CONVERSION = YES;
				CLANG_WARN_OBJC_ROOT_CLASS = YES_ERROR;
				CLANG_WARN_QUOTED_INCLUDE_IN_FRAMEWORK_HEADER = YES;
				CLANG_WARN_RANGE_LOOP_ANALYSIS = YES;
				CLANG_WARN_STRICT_PROTOTYPES = YES;
				CLANG_WARN_SUSPICIOUS_MOVE = YES;
				CLANG_WARN_UNGUARDED_AVAILABILITY = YES_AGGRESSIVE;
				CLANG_WARN_UNREACHABLE_CODE = YES;
				CLANG_WARN__DUPLICATE_METHOD_MATCH = YES;
				COPY_PHASE_STRIP = NO;
				DEBUG_INFORMATION_FORMAT = dwarf;
				ENABLE_STRICT_OBJC_MSGSEND = YES;
				ENABLE_TESTABILITY = YES;
				ENABLE_USER_SCRIPT_SANDBOXING = YES;
				GCC_C_LANGUAGE_STANDARD = gnu17;
				GCC_DYNAMIC_NO_PIC = NO;
				GCC_NO_COMMON_BLOCKS = YES;
				GCC_OPTIMIZATION_LEVEL = 0;
				GCC_PREPROCESSOR_DEFINITIONS = (
					"DEBUG=1",
					"$(inherited)",
				);
				GCC_WARN_64_TO_32_BIT_CONVERSION = YES;
				GCC_WARN_ABOUT_RETURN_TYPE = YES_ERROR;
				GCC_WARN_UNDECLARED_SELECTOR = YES;
				GCC_WARN_UNINITIALIZED_AUTOS = YES_AGGRESSIVE;
				GCC_WARN_UNUSED_FUNCTION = YES;
				GCC_WARN_UNUSED_VARIABLE = YES;
				LOCALIZATION_PREFERS_STRING_CATALOGS = YES;
				MACOSX_DEPLOYMENT_TARGET = 15.5;
				MTL_ENABLE_DEBUG_INFO = INCLUDE_SOURCE;
				MTL_FAST_MATH = YES;
				ONLY_ACTIVE_ARCH = YES;
				SDKROOT = macosx;
				SWIFT_ACTIVE_COMPILATION_CONDITIONS = "DEBUG $(inherited)";
				SWIFT_OPTIMIZATION_LEVEL = "-Onone";
			};
			name = Debug;
		};
		C2B69C2A2F59CB29008835C5 /* Release */ = {
			isa = XCBuildConfiguration;
			buildSettings = {
				ALWAYS_SEARCH_USER_PATHS = NO;
				ASSETCATALOG_COMPILER_GENERATE_SWIFT_ASSET_SYMBOL_EXTENSIONS = YES;
				CLANG_ANALYZER_NONNULL = YES;
				CLANG_ANALYZER_NUMBER_OBJECT_CONVERSION = YES_AGGRESSIVE;
				CLANG_CXX_LANGUAGE_STANDARD = "gnu++20";
				CLANG_ENABLE_MODULES = YES;
				CLANG_ENABLE_OBJC_ARC = YES;
				CLANG_ENABLE_OBJC_WEAK = YES;
				CLANG_WARN_BLOCK_CAPTURE_AUTORELEASING = YES;
				CLANG_WARN_BOOL_CONVERSION = YES;
				CLANG_WARN_COMMA = YES;
				CLANG_WARN_CONSTANT_CONVERSION = YES;
				CLANG_WARN_DEPRECATED_OBJC_IMPLEMENTATIONS = YES;
				CLANG_WARN_DIRECT_OBJC_ISA_USAGE = YES_ERROR;
				CLANG_WARN_DOCUMENTATION_COMMENTS = YES;
				CLANG_WARN_EMPTY_BODY = YES;
				CLANG_WARN_ENUM_CONVERSION = YES;
				CLANG_WARN_INFINITE_RECURSION = YES;
				CLANG_WARN_INT_CONVERSION = YES;
				CLANG_WARN_NON_LITERAL_NULL_CONVERSION = YES;
				CLANG_WARN_OBJC_IMPLICIT_RETAIN_SELF = YES;
				CLANG_WARN_OBJC_LITERAL_CONVERSION = YES;
				CLANG_WARN_OBJC_ROOT_CLASS = YES_ERROR;
				CLANG_WARN_QUOTED_INCLUDE_IN_FRAMEWORK_HEADER = YES;
				CLANG_WARN_RANGE_LOOP_ANALYSIS = YES;
				CLANG_WARN_STRICT_PROTOTYPES = YES;
				CLANG_WARN_SUSPICIOUS_MOVE = YES;
				CLANG_WARN_UNGUARDED_AVAILABILITY = YES_AGGRESSIVE;
				CLANG_WARN_UNREACHABLE_CODE = YES;
				CLANG_WARN__DUPLICATE_METHOD_MATCH = YES;
				COPY_PHASE_STRIP = NO;
				DEBUG_INFORMATION_FORMAT = "dwarf-with-dsym";
				ENABLE_NS_ASSERTIONS = NO;
				ENABLE_STRICT_OBJC_MSGSEND = YES;
				ENABLE_USER_SCRIPT_SANDBOXING = YES;
				GCC_C_LANGUAGE_STANDARD = gnu17;
				GCC_NO_COMMON_BLOCKS = YES;
				GCC_WARN_64_TO_32_BIT_CONVERSION = YES;
				GCC_WARN_ABOUT_RETURN_TYPE = YES_ERROR;
				GCC_WARN_UNDECLARED_SELECTOR = YES;
				GCC_WARN_UNINITIALIZED_AUTOS = YES_AGGRESSIVE;
				GCC_WARN_UNUSED_FUNCTION = YES;
				GCC_WARN_UNUSED_VARIABLE = YES;
				LOCALIZATION_PREFERS_STRING_CATALOGS = YES;
				MACOSX_DEPLOYMENT_TARGET = 15.5;
				MTL_ENABLE_DEBUG_INFO = NO;
				MTL_FAST_MATH = YES;
				SDKROOT = macosx;
				SWIFT_COMPILATION_MODE = wholemodule;
			};
			name = Release;
		};
		C2B69C2C2F59CB29008835C5 /* Debug */ = {
			isa = XCBuildConfiguration;
			buildSettings = {
				ASSETCATALOG_COMPILER_APPICON_NAME = AppIcon;
				ASSETCATALOG_COMPILER_GLOBAL_ACCENT_COLOR_NAME = AccentColor;
				CODE_SIGN_ENTITLEMENTS = PeepScreen/PeepScreen.entitlements;
				CODE_SIGN_STYLE = Automatic;
				COMBINE_HIDPI_IMAGES = YES;
				CURRENT_PROJECT_VERSION = 1;
				ENABLE_PREVIEWS = YES;
				GENERATE_INFOPLIST_FILE = YES;
				INFOPLIST_KEY_NSHumanReadableCopyright = "";
				LD_RUNPATH_SEARCH_PATHS = (
					"$(inherited)",
					"@executable_path/../Frameworks",
				);
				MARKETING_VERSION = 1.0;
				PRODUCT_BUNDLE_IDENTIFIER = rgr.PeepScreen;
				PRODUCT_NAME = "$(TARGET_NAME)";
				REGISTER_APP_GROUPS = YES;
				SWIFT_EMIT_LOC_STRINGS = YES;
				SWIFT_VERSION = 5.0;
			};
			name = Debug;
		};
		C2B69C2D2F59CB29008835C5 /* Release */ = {
			isa = XCBuildConfiguration;
			buildSettings = {
				ASSETCATALOG_COMPILER_APPICON_NAME = AppIcon;
				ASSETCATALOG_COMPILER_GLOBAL_ACCENT_COLOR_NAME = AccentColor;
				CODE_SIGN_ENTITLEMENTS = PeepScreen/PeepScreen.entitlements;
				CODE_SIGN_STYLE = Automatic;
				COMBINE_HIDPI_IMAGES = YES;
				CURRENT_PROJECT_VERSION = 1;
				ENABLE_PREVIEWS = YES;
				GENERATE_INFOPLIST_FILE = YES;
				INFOPLIST_KEY_NSHumanReadableCopyright = "";
				LD_RUNPATH_SEARCH_PATHS = (
					"$(inherited)",
					"@executable_path/../Frameworks",
				);
				MARKETING_VERSION = 1.0;
				PRODUCT_BUNDLE_IDENTIFIER = rgr.PeepScreen;
				PRODUCT_NAME = "$(TARGET_NAME)";
				REGISTER_APP_GROUPS = YES;
				SWIFT_EMIT_LOC_STRINGS = YES;
				SWIFT_VERSION = 5.0;
			};
			name = Release;
		};
		C2B69C2F2F59CB29008835C5 /* Debug */ = {
			isa = XCBuildConfiguration;
			buildSettings = {
				BUNDLE_LOADER = "$(TEST_HOST)";
				CODE_SIGN_STYLE = Automatic;
				CURRENT_PROJECT_VERSION = 1;
				GENERATE_INFOPLIST_FILE = YES;
				MACOSX_DEPLOYMENT_TARGET = 15.5;
				MARKETING_VERSION = 1.0;
				PRODUCT_BUNDLE_IDENTIFIER = rgr.PeepScreenTests;
				PRODUCT_NAME = "$(TARGET_NAME)";
				SWIFT_EMIT_LOC_STRINGS = NO;
				SWIFT_VERSION = 5.0;
				TEST_HOST = "$(BUILT_PRODUCTS_DIR)/PeepScreen.app/$(BUNDLE_EXECUTABLE_FOLDER_PATH)/PeepScreen";
			};
			name = Debug;
		};
		C2B69C302F59CB29008835C5 /* Release */ = {
			isa = XCBuildConfiguration;
			buildSettings = {
				BUNDLE_LOADER = "$(TEST_HOST)";
				CODE_SIGN_STYLE = Automatic;
				CURRENT_PROJECT_VERSION = 1;
				GENERATE_INFOPLIST_FILE = YES;
				MACOSX_DEPLOYMENT_TARGET = 15.5;
				MARKETING_VERSION = 1.0;
				PRODUCT_BUNDLE_IDENTIFIER = rgr.PeepScreenTests;
				PRODUCT_NAME = "$(TARGET_NAME)";
				SWIFT_EMIT_LOC_STRINGS = NO;
				SWIFT_VERSION = 5.0;
				TEST_HOST = "$(BUILT_PRODUCTS_DIR)/PeepScreen.app/$(BUNDLE_EXECUTABLE_FOLDER_PATH)/PeepScreen";
			};
			name = Release;
		};
		C2B69C322F59CB29008835C5 /* Debug */ = {
			isa = XCBuildConfiguration;
			buildSettings = {
				CODE_SIGN_STYLE = Automatic;
				CURRENT_PROJECT_VERSION = 1;
				GENERATE_INFOPLIST_FILE = YES;
				MARKETING_VERSION = 1.0;
				PRODUCT_BUNDLE_IDENTIFIER = rgr.PeepScreenUITests;
				PRODUCT_NAME = "$(TARGET_NAME)";
				SWIFT_EMIT_LOC_STRINGS = NO;
				SWIFT_VERSION = 5.0;
				TEST_TARGET_NAME = PeepScreen;
			};
			name = Debug;
		};
		C2B69C332F59CB29008835C5 /* Release */ = {
			isa = XCBuildConfiguration;
			buildSettings = {
				CODE_SIGN_STYLE = Automatic;
				CURRENT_PROJECT_VERSION = 1;
				GENERATE_INFOPLIST_FILE = YES;
				MARKETING_VERSION = 1.0;
				PRODUCT_BUNDLE_IDENTIFIER = rgr.PeepScreenUITests;
				PRODUCT_NAME = "$(TARGET_NAME)";
				SWIFT_EMIT_LOC_STRINGS = NO;
				SWIFT_VERSION = 5.0;
				TEST_TARGET_NAME = PeepScreen;
			};
			name = Release;
		};
/* End XCBuildConfiguration section */

/* Begin XCConfigurationList section */
		C2B69BFF2F59CB27008835C5 /* Build configuration list for PBXProject "PeepScreen" */ = {
			isa = XCConfigurationList;
			buildConfigurations = (
				C2B69C292F59CB29008835C5 /* Debug */,
				C2B69C2A2F59CB29008835C5 /* Release */,
			);
			defaultConfigurationIsVisible = 0;
			defaultConfigurationName = Release;
		};
		C2B69C2B2F59CB29008835C5 /* Build configuration list for PBXNativeTarget "PeepScreen" */ = {
			isa = XCConfigurationList;
			buildConfigurations = (
				C2B69C2C2F59CB29008835C5 /* Debug */,
				C2B69C2D2F59CB29008835C5 /* Release */,
			);
			defaultConfigurationIsVisible = 0;
			defaultConfigurationName = Release;
		};
		C2B69C2E2F59CB29008835C5 /* Build configuration list for PBXNativeTarget "PeepScreenTests" */ = {
			isa = XCConfigurationList;
			buildConfigurations = (
				C2B69C2F2F59CB29008835C5 /* Debug */,
				C2B69C302F59CB29008835C5 /* Release */,
			);
			defaultConfigurationIsVisible = 0;
			defaultConfigurationName = Release;
		};
		C2B69C312F59CB29008835C5 /* Build configuration list for PBXNativeTarget "PeepScreenUITests" */ = {
			isa = XCConfigurationList;
			buildConfigurations = (
				C2B69C322F59CB29008835C5 /* Debug */,
				C2B69C332F59CB29008835C5 /* Release */,
			);
			defaultConfigurationIsVisible = 0;
			defaultConfigurationName = Release;
		};
/* End XCConfigurationList section */

/* Begin XCRemoteSwiftPackageReference section */
		C2B69C402F5ACB29008835C5 /* XCRemoteSwiftPackageReference "SwiftTerm" */ = {
			isa = XCRemoteSwiftPackageReference;
			repositoryURL = "https://github.com/migueldeicaza/SwiftTerm";
			requirement = {
				kind = upToNextMajorVersion;
				minimumVersion = 1.0.0;
			};
		};
/* End XCRemoteSwiftPackageReference section */

/* Begin XCSwiftPackageProductDependency section */
		C2B69C412F5ACB29008835C5 /* SwiftTerm */ = {
			isa = XCSwiftPackageProductDependency;
			package = C2B69C402F5ACB29008835C5 /* XCRemoteSwiftPackageReference "SwiftTerm" */;
			productName = SwiftTerm;
		};
/* End XCSwiftPackageProductDependency section */
	};
	rootObject = C2B69BFC2F59CB27008835C5 /* Project object */;
}
